
Microsoft Visual Studio Solution File, Format Version 12.00
# Visual Studio Version 17
VisualStudioVersion = 17.7.34009.444
MinimumVisualStudioVersion = 10.0.40219.1
Project("{FAE04EC0-301F-11D3-BF4B-00C04F79EFBC}") = "forum regis", "forum regis\forum regis.csproj", "{B81D211E-C18A-4B5D-B04F-39DFD2BF0907}"
EndProject
Global
	GlobalSection(SolutionConfigurationPlatforms) = preSolution
		Debug|Any CPU = Debug|Any CPU
		Release|Any CPU = Release|Any CPU
	EndGlobalSection
	GlobalSection(ProjectConfigurationPlatforms) = postSolution
		{B81D211E-C18A-4B5D-B04F-39DFD2BF0907}.Debug|Any CPU.ActiveCfg = Debug|Any CPU
		{B81D211E-C18A-4B5D-B04F-39DFD2BF0907}.Debug|Any CPU.Build.0 = Debug|Any CPU
		{B81D211E-C18A-4B5D-B04F-39DFD2BF0907}.Release|Any CPU.ActiveCfg = Release|Any CPU
		{B81D211E-C18A-4B5D-B04F-39DFD2BF0907}.Release|Any CPU.Build.0 = Release|Any CPU
	EndGlobalSection
	GlobalSection(SolutionProperties) = preSolution
		HideSolutionNode = FALSE
	EndGlobalSection
	GlobalSection(ExtensibilityGlobals) = postSolution
		SolutionGuid = {17206E0E-973F-4869-94A4-E2EB301C0CE7}
	EndGlobalSection
EndGlobal
